
Microsoft Visual Studio Solution File, Format Version 12.00
# Visual Studio 15
VisualStudioVersion = 15.0.26730.12
MinimumVisualStudioVersion = 10.0.40219.1
Project("{FAE04EC0-301F-11D3-BF4B-00C04F79EFBC}") = "Laboration2_translate", "Laboration2_translate\Laboration2_translate.csproj", "{73D153D7-E4AA-4D7E-8D04-DF3EE44249E2}"
EndProject
Global
	GlobalSection(SolutionConfigurationPlatforms) = preSolution
		Debug|Any CPU = Debug|Any CPU
		Release|Any CPU = Release|Any CPU
	EndGlobalSection
	GlobalSection(ProjectConfigurationPlatforms) = postSolution
		{73D153D7-E4AA-4D7E-8D04-DF3EE44249E2}.Debug|Any CPU.ActiveCfg = Debug|Any CPU
		{73D153D7-E4AA-4D7E-8D04-DF3EE44249E2}.Debug|Any CPU.Build.0 = Debug|Any CPU
		{73D153D7-E4AA-4D7E-8D04-DF3EE44249E2}.Release|Any CPU.ActiveCfg = Release|Any CPU
		{73D153D7-E4AA-4D7E-8D04-DF3EE44249E2}.Release|Any CPU.Build.0 = Release|Any CPU
	EndGlobalSection
	GlobalSection(SolutionProperties) = preSolution
		HideSolutionNode = FALSE
	EndGlobalSection
	GlobalSection(ExtensibilityGlobals) = postSolution
		SolutionGuid = {EFCC300C-BF32-4BED-BA7C-58BC51785274}
	EndGlobalSection
EndGlobal
